
Microsoft Visual Studio Solution File, Format Version 12.00
# Visual Studio Version 16
VisualStudioVersion = 16.0.30709.132
MinimumVisualStudioVersion = 10.0.40219.1
Project("{FAE04EC0-301F-11D3-BF4B-00C04F79EFBC}") = "blendmode", "blendmode.csproj", "{4C471ADC-563B-412B-B3FA-03C2DA76F14A}"
EndProject
Global
	GlobalSection(SolutionConfigurationPlatforms) = preSolution
		Debug|Any CPU = Debug|Any CPU
		Release|Any CPU = Release|Any CPU
	EndGlobalSection
	GlobalSection(ProjectConfigurationPlatforms) = postSolution
		{4C471ADC-563B-412B-B3FA-03C2DA76F14A}.Debug|Any CPU.ActiveCfg = Debug|Any CPU
		{4C471ADC-563B-412B-B3FA-03C2DA76F14A}.Debug|Any CPU.Build.0 = Debug|Any CPU
		{4C471ADC-563B-412B-B3FA-03C2DA76F14A}.Release|Any CPU.ActiveCfg = Release|Any CPU
		{4C471ADC-563B-412B-B3FA-03C2DA76F14A}.Release|Any CPU.Build.0 = Release|Any CPU
	EndGlobalSection
	GlobalSection(SolutionProperties) = preSolution
		HideSolutionNode = FALSE
	EndGlobalSection
	GlobalSection(ExtensibilityGlobals) = postSolution
		SolutionGuid = {97767481-F7DD-4B7C-A06F-ED537544D45C}
	EndGlobalSection
EndGlobal
